
Microsoft Visual Studio Solution File, Format Version 12.00
# Visual Studio Version 17
VisualStudioVersion = 17.5.33516.290
MinimumVisualStudioVersion = 10.0.40219.1
Project("{FAE04EC0-301F-11D3-BF4B-00C04F79EFBC}") = "CompressedDataToBlobStorage", "CompressedDataToBlobStorage\CompressedDataToBlobStorage.csproj", "{C00CB5F6-21AA-4094-8321-10065C1EBCCD}"
EndProject
Global
	GlobalSection(SolutionConfigurationPlatforms) = preSolution
		Debug|Any CPU = Debug|Any CPU
		Release|Any CPU = Release|Any CPU
	EndGlobalSection
	GlobalSection(ProjectConfigurationPlatforms) = postSolution
		{C00CB5F6-21AA-4094-8321-10065C1EBCCD}.Debug|Any CPU.ActiveCfg = Debug|Any CPU
		{C00CB5F6-21AA-4094-8321-10065C1EBCCD}.Debug|Any CPU.Build.0 = Debug|Any CPU
		{C00CB5F6-21AA-4094-8321-10065C1EBCCD}.Release|Any CPU.ActiveCfg = Release|Any CPU
		{C00CB5F6-21AA-4094-8321-10065C1EBCCD}.Release|Any CPU.Build.0 = Release|Any CPU
	EndGlobalSection
	GlobalSection(SolutionProperties) = preSolution
		HideSolutionNode = FALSE
	EndGlobalSection
	GlobalSection(ExtensibilityGlobals) = postSolution
		SolutionGuid = {E57E8B1C-07C2-444B-B423-1835F612E617}
	EndGlobalSection
EndGlobal
